// !$*UTF8*$!
{
	archiveVersion = 1;
	classes = {
	};
	objectVersion = 46;
	objects = {

/* Begin PBXBuildFile section */
		EE2DE2861D513D3D008D87BB /* main.m in Sources */ = {isa = PBXBuildFile; fileRef = EE2DE2851D513D3D008D87BB /* main.m */; };
		EE2DE2891D513D3D008D87BB /* AppDelegate.m in Sources */ = {isa = PBXBuildFile; fileRef = EE2DE2881D513D3D008D87BB /* AppDelegate.m */; };
		EE2DE28C1D513D3D008D87BB /* ViewController.m in Sources */ = {isa = PBXBuildFile; fileRef = EE2DE28B1D513D3D008D87BB /* ViewController.m */; };
		EE2DE28F1D513D3D008D87BB /* Main.storyboard in Resources */ = {isa = PBXBuildFile; fileRef = EE2DE28D1D513D3D008D87BB /* Main.storyboard */; };
		EE2DE2911D513D3D008D87BB /* Assets.xcassets in Resources */ = {isa = PBXBuildFile; fileRef = EE2DE2901D513D3D008D87BB /* Assets.xcassets */; };
		EE2DE2941D513D3D008D87BB /* LaunchScreen.storyboard in Resources */ = {isa = PBXBuildFile; fileRef = EE2DE2921D513D3D008D87BB /* LaunchScreen.storyboard */; };
/* End PBXBuildFile section */

/* Begin PBXFileReference section */
		EE2DE2811D513D3D008D87BB /* gitTutorial.app */ = {isa = PBXFileReference; explicitFileType = wrapper.application; includeInIndex = 0; path = gitTutorial.app; sourceTree = BUILT_PRODUCTS_DIR; };
		EE2DE2851D513D3D008D87BB /* main.m */ = {isa = PBXFileReference; lastKnownFileType = sourcecode.c.objc; path = main.m; sourceTree = "<group>"; };
		EE2DE2871D513D3D008D87BB /* AppDelegate.h */ = {isa = PBXFileReference; lastKnownFileType = sourcecode.c.h; path = AppDelegate.h; sourceTree = "<group>"; };
		EE2DE2881D513D3D008D87BB /* AppDelegate.m */ = {isa = PBXFileReference; lastKnownFileType = sourcecode.c.objc; path = AppDelegate.m; sourceTree = "<group>"; };
		EE2DE28A1D513D3D008D87BB /* ViewController.h */ = {isa = PBXFileReference; lastKnownFileType = sourcecode.c.h; path = ViewController.h; sourceTree = "<group>"; };
		EE2DE28B1D513D3D008D87BB /* ViewController.m */ = {isa = PBXFileReference; lastKnownFileType = sourcecode.c.objc; path = ViewController.m; sourceTree = "<group>"; };
		EE2DE28E1D513D3D008D87BB /* Base */ = {isa = PBXFileReference; lastKnownFileType = file.storyboard; name = Base; path = Base.lproj/Main.storyboard; sourceTree = "<group>"; };
		EE2DE2901D513D3D008D87BB /* Assets.xcassets */ = {isa = PBXFileReference; lastKnownFileType = folder.assetcatalog; path = Assets.xcassets; sourceTree = "<group>"; };
		EE2DE2931D513D3D008D87BB /* Base */ = {isa = PBXFileReference; lastKnownFileType = file.storyboard; name = Base; path = Base.lproj/LaunchScreen.storyboard; sourceTree = "<group>"; };
		EE2DE2951D513D3D008D87BB /* Info.plist */ = {isa = PBXFileReference; lastKnownFileType = text.plist.xml; path = Info.plist; sourceTree = "<group>"; };
/* End PBXFileReference section */

/* Begin PBXFrameworksBuildPhase section */
		EE2DE27E1D513D3D008D87BB /* Frameworks */ = {
			isa = PBXFrameworksBuildPhase;
			buildActionMask = 2147483647;
			files = (
			);
			runOnlyForDeploymentPostprocessing = 0;
		};
/* End PBXFrameworksBuildPhase section */

/* Begin PBXGroup section */
		EE2DE2781D513D3D008D87BB = {
			isa = PBXGroup;
			children = (
				EE2DE2831D513D3D008D87BB /* gitTutorial */,
				EE2DE2821D513D3D008D87BB /* Products */,
			);
			sourceTree = "<group>";
		};
		EE2DE2821D513D3D008D87BB /* Products */ = {
			isa = PBXGroup;
			children = (
				EE2DE2811D513D3D008D87BB /* gitTutorial.app */,
			);
			name = Products;
			sourceTree = "<group>";
		};
		EE2DE2831D513D3D008D87BB /* gitTutorial */ = {
			isa = PBXGroup;
			children = (
				EE2DE2871D513D3D008D87BB /* AppDelegate.h */,
				EE2DE2881D513D3D008D87BB /* AppDelegate.m */,
				EE2DE28A1D513D3D008D87BB /* ViewController.h */,
				EE2DE28B1D513D3D008D87BB /* ViewController.m */,
				EE2DE28D1D513D3D008D87BB /* Main.storyboard */,
				EE2DE2901D513D3D008D87BB /* Assets.xcassets */,
				EE2DE2921D513D3D008D87BB /* LaunchScreen.storyboard */,
				EE2DE2951D513D3D008D87BB /* Info.plist */,
				EE2DE2841D513D3D008D87BB /* Supporting Files */,
			);
			path = gitTutorial;
			sourceTree = "<group>";
		};
		EE2DE2841D513D3D008D87BB /* Supporting Files */ = {
			isa = PBXGroup;
			children = (
				EE2DE2851D513D3D008D87BB /* main.m */,
			);
			name = "Supporting Files";
			sourceTree = "<group>";
		};
/* End PBXGroup section */

/* Begin PBXNativeTarget section */
		EE2DE2801D513D3D008D87BB /* gitTutorial */ = {
			isa = PBXNativeTarget;
			buildConfigurationList = EE2DE2981D513D3D008D87BB /* Build configuration list for PBXNativeTarget "gitTutorial" */;
			buildPhases = (
				EE2DE27D1D513D3D008D87BB /* Sources */,
				EE2DE27E1D513D3D008D87BB /* Frameworks */,
				EE2DE27F1D513D3D008D87BB /* Resources */,
			);
			buildRules = (
			);
			dependencies = (
			);
			name = gitTutorial;
			productName = gitTutorial;
			productReference = EE2DE2811D513D3D008D87BB /* gitTutorial.app */;
			productType = "com.apple.product-type.application";
		};
/* End PBXNativeTarget section */

/* Begin PBXProject section */
		EE2DE2791D513D3D008D87BB /* Project object */ = {
			isa = PBXProject;
			attributes = {
				LastUpgradeCheck = 0730;
				ORGANIZATIONNAME = "Muralidhar Kuruva";
				TargetAttributes = {
					EE2DE2801D513D3D008D87BB = {
						CreatedOnToolsVersion = 7.3.1;
					};
				};
			};
			buildConfigurationList = EE2DE27C1D513D3D008D87BB /* Build configuration list for PBXProject "gitTutorial" */;
			compatibilityVersion = "Xcode 3.2";
			developmentRegion = English;
			hasScannedForEncodings = 0;
			knownRegions = (
				en,
				Base,
			);
			mainGroup = EE2DE2781D513D3D008D87BB;
			productRefGroup = EE2DE2821D513D3D008D87BB /* Products */;
			projectDirPath = "";
			projectRoot = "";
			targets = (
				EE2DE2801D513D3D008D87BB /* gitTutorial */,
			);
		};
/* End PBXProject section */

/* Begin PBXResourcesBuildPhase section */
		EE2DE27F1D513D3D008D87BB /* Resources */ = {
			isa = PBXResourcesBuildPhase;
			buildActionMask = 2147483647;
			files = (
				EE2DE2941D513D3D008D87BB /* LaunchScreen.storyboard in Resources */,
				EE2DE2911D513D3D008D87BB /* Assets.xcassets in Resources */,
				EE2DE28F1D513D3D008D87BB /* Main.storyboard in Resources */,
			);
			runOnlyForDeploymentPostprocessing = 0;
		};
/* End PBXResourcesBuildPhase section */

/* Begin PBXSourcesBuildPhase section */
		EE2DE27D1D513D3D008D87BB /* Sources */ = {
			isa = PBXSourcesBuildPhase;
			buildActionMask = 2147483647;
			files = (
				EE2DE28C1D513D3D008D87BB /* ViewController.m in Sources */,
				EE2DE2891D513D3D008D87BB /* AppDelegate.m in Sources */,
				EE2DE2861D513D3D008D87BB /* main.m in Sources */,
			);
			runOnlyForDeploymentPostprocessing = 0;
		};
/* End PBXSourcesBuildPhase section */

/* Begin PBXVariantGroup section */
		EE2DE28D1D513D3D008D87BB /* Main.storyboard */ = {
			isa = PBXVariantGroup;
			children = (
				EE2DE28E1D513D3D008D87BB /* Base */,
			);
			name = Main.storyboard;
			sourceTree = "<group>";
		};
		EE2DE2921D513D3D008D87BB /* LaunchScreen.storyboard */ = {
			isa = PBXVariantGroup;
			children = (
				EE2DE2931D513D3D008D87BB /* Base */,
			);
			name = LaunchScreen.storyboard;
			sourceTree = "<group>";
		};
/* End PBXVariantGroup section */

/* Begin XCBuildConfiguration section */
		EE2DE2961D513D3D008D87BB /* Debug */ = {
			isa = XCBuildConfiguration;
			buildSettings = {
				ALWAYS_SEARCH_USER_PATHS = NO;
				CLANG_ANALYZER_NONNULL = YES;
				CLANG_CXX_LANGUAGE_STANDARD = "gnu++0x";
				CLANG_CXX_LIBRARY = "libc++";
				CLANG_ENABLE_MODULES = YES;
				CLANG_ENABLE_OBJC_ARC = YES;
				CLANG_WARN_BOOL_CONVERSION = YES;
				CLANG_WARN_CONSTANT_CONVERSION = YES;
				CLANG_WARN_DIRECT_OBJC_ISA_USAGE = YES_ERROR;
				CLANG_WARN_EMPTY_BODY = YES;
				CLANG_WARN_ENUM_CONVERSION = YES;
				CLANG_WARN_INT_CONVERSION = YES;
				CLANG_WARN_OBJC_ROOT_CLASS = YES_ERROR;
				CLANG_WARN_UNREACHABLE_CODE = YES;
				CLANG_WARN__DUPLICATE_METHOD_MATCH = YES;
				"CODE_SIGN_IDENTITY[sdk=iphoneos*]" = "iPhone Developer";
				COPY_PHASE_STRIP = NO;
				DEBUG_INFORMATION_FORMAT = dwarf;
				ENABLE_STRICT_OBJC_MSGSEND = YES;
				ENABLE_TESTABILITY = YES;
				GCC_C_LANGUAGE_STANDARD = gnu99;
				GCC_DYNAMIC_NO_PIC = NO;
				GCC_NO_COMMON_BLOCKS = YES;
				GCC_OPTIMIZATION_LEVEL = 0;
				GCC_PREPROCESSOR_DEFINITIONS = (
					"DEBUG=1",
					"$(inherited)",
				);
				GCC_WARN_64_TO_32_BIT_CONVERSION = YES;
				GCC_WARN_ABOUT_RETURN_TYPE = YES_ERROR;
				GCC_WARN_UNDECLARED_SELECTOR = YES;
				GCC_WARN_UNINITIALIZED_AUTOS = YES_AGGRESSIVE;
				GCC_WARN_UNUSED_FUNCTION = YES;
				GCC_WARN_UNUSED_VARIABLE = YES;
				IPHONEOS_DEPLOYMENT_TARGET = 9.3;
				MTL_ENABLE_DEBUG_INFO = YES;
				ONLY_ACTIVE_ARCH = YES;
				SDKROOT = iphoneos;
			};
			name = Debug;
		};
		EE2DE2971D513D3D008D87BB /* Release */ = {
			isa = XCBuildConfiguration;
			buildSettings = {
				ALWAYS_SEARCH_USER_PATHS = NO;
				CLANG_ANALYZER_NONNULL = YES;
				CLANG_CXX_LANGUAGE_STANDARD = "gnu++0x";
				CLANG_CXX_LIBRARY = "libc++";
				CLANG_ENABLE_MODULES = YES;
				CLANG_ENABLE_OBJC_ARC = YES;
				CLANG_WARN_BOOL_CONVERSION = YES;
				CLANG_WARN_CONSTANT_CONVERSION = YES;
				CLANG_WARN_DIRECT_OBJC_ISA_USAGE = YES_ERROR;
				CLANG_WARN_EMPTY_BODY = YES;
				CLANG_WARN_ENUM_CONVERSION = YES;
				CLANG_WARN_INT_CONVERSION = YES;
				CLANG_WARN_OBJC_ROOT_CLASS = YES_ERROR;
				CLANG_WARN_UNREACHABLE_CODE = YES;
				CLANG_WARN__DUPLICATE_METHOD_MATCH = YES;
				"CODE_SIGN_IDENTITY[sdk=iphoneos*]" = "iPhone Developer";
				COPY_PHASE_STRIP = NO;
				DEBUG_INFORMATION_FORMAT = "dwarf-with-dsym";
				ENABLE_NS_ASSERTIONS = NO;
				ENABLE_STRICT_OBJC_MSGSEND = YES;
				GCC_C_LANGUAGE_STANDARD = gnu99;
				GCC_NO_COMMON_BLOCKS = YES;
				GCC_WARN_64_TO_32_BIT_CONVERSION = YES;
				GCC_WARN_ABOUT_RETURN_TYPE = YES_ERROR;
				GCC_WARN_UNDECLARED_SELECTOR = YES;
				GCC_WARN_UNINITIALIZED_AUTOS = YES_AGGRESSIVE;
				GCC_WARN_UNUSED_FUNCTION = YES;
				GCC_WARN_UNUSED_VARIABLE = YES;
				IPHONEOS_DEPLOYMENT_TARGET = 9.3;
				MTL_ENABLE_DEBUG_INFO = NO;
				SDKROOT = iphoneos;
				VALIDATE_PRODUCT = YES;
			};
			name = Release;
		};
		EE2DE2991D513D3D008D87BB /* Debug */ = {
			isa = XCBuildConfiguration;
			buildSettings = {
				ASSETCATALOG_COMPILER_APPICON_NAME = AppIcon;
				INFOPLIST_FILE = gitTutorial/Info.plist;
				LD_RUNPATH_SEARCH_PATHS = "$(inherited) @executable_path/Frameworks";
				PRODUCT_BUNDLE_IDENTIFIER = edu.self.gitTutorial;
				PRODUCT_NAME = "$(TARGET_NAME)";
			};
			name = Debug;
		};
		EE2DE29A1D513D3D008D87BB /* Release */ = {
			isa = XCBuildConfiguration;
			buildSettings = {
				ASSETCATALOG_COMPILER_APPICON_NAME = AppIcon;
				INFOPLIST_FILE = gitTutorial/Info.plist;
				LD_RUNPATH_SEARCH_PATHS = "$(inherited) @executable_path/Frameworks";
				PRODUCT_BUNDLE_IDENTIFIER = edu.self.gitTutorial;
				PRODUCT_NAME = "$(TARGET_NAME)";
			};
			name = Release;
		};
/* End XCBuildConfiguration section */

/* Begin XCConfigurationList section */
		EE2DE27C1D513D3D008D87BB /* Build configuration list for PBXProject "gitTutorial" */ = {
			isa = XCConfigurationList;
			buildConfigurations = (
				EE2DE2961D513D3D008D87BB /* Debug */,
				EE2DE2971D513D3D008D87BB /* Release */,
			);
			defaultConfigurationIsVisible = 0;
			defaultConfigurationName = Release;
		};
		EE2DE2981D513D3D008D87BB /* Build configuration list for PBXNativeTarget "gitTutorial" */ = {
			isa = XCConfigurationList;
			buildConfigurations = (
				EE2DE2991D513D3D008D87BB /* Debug */,
				EE2DE29A1D513D3D008D87BB /* Release */,
			);
			defaultConfigurationIsVisible = 0;
		};
/* End XCConfigurationList section */
	};
	rootObject = EE2DE2791D513D3D008D87BB /* Project object */;
}
